// !$*UTF8*$!
{
	archiveVersion = 1;
	classes = {
	};
	objectVersion = 56;
	objects = {

/* Begin PBXBuildFile section */
		48A316382921A74100F48C28 /* DataController.swift in Sources */ = {isa = PBXBuildFile; fileRef = 48A316372921A74100F48C28 /* DataController.swift */; };
		48A3163C2921A87200F48C28 /* DaylightClient.swift in Sources */ = {isa = PBXBuildFile; fileRef = 48A3163B2921A87200F48C28 /* DaylightClient.swift */; };
		48A3163E2921A8B200F48C28 /* APIResponse.swift in Sources */ = {isa = PBXBuildFile; fileRef = 48A3163D2921A8B200F48C28 /* APIResponse.swift */; };
		48A316432921AE5500F48C28 /* MindViewController.swift in Sources */ = {isa = PBXBuildFile; fileRef = 48A316422921AE5500F48C28 /* MindViewController.swift */; };
		48A316452921AE6A00F48C28 /* BodyViewController.swift in Sources */ = {isa = PBXBuildFile; fileRef = 48A316442921AE6A00F48C28 /* BodyViewController.swift */; };
		48A316472921AE8100F48C28 /* SoulViewController.swift in Sources */ = {isa = PBXBuildFile; fileRef = 48A316462921AE8100F48C28 /* SoulViewController.swift */; };
		48A316492921AE9F00F48C28 /* IntervalViewController.swift in Sources */ = {isa = PBXBuildFile; fileRef = 48A316482921AE9F00F48C28 /* IntervalViewController.swift */; };
		48E90D34291767A000755D4B /* AppDelegate.swift in Sources */ = {isa = PBXBuildFile; fileRef = 48E90D33291767A000755D4B /* AppDelegate.swift */; };
		48E90D36291767A000755D4B /* SceneDelegate.swift in Sources */ = {isa = PBXBuildFile; fileRef = 48E90D35291767A000755D4B /* SceneDelegate.swift */; };
		48E90D38291767A000755D4B /* MainViewController.swift in Sources */ = {isa = PBXBuildFile; fileRef = 48E90D37291767A000755D4B /* MainViewController.swift */; };
		48E90D3B291767A000755D4B /* Main.storyboard in Resources */ = {isa = PBXBuildFile; fileRef = 48E90D39291767A000755D4B /* Main.storyboard */; };
		48E90D3E291767A000755D4B /* NudgeMe.xcdatamodeld in Sources */ = {isa = PBXBuildFile; fileRef = 48E90D3C291767A000755D4B /* NudgeMe.xcdatamodeld */; };
		48E90D40291767A100755D4B /* Assets.xcassets in Resources */ = {isa = PBXBuildFile; fileRef = 48E90D3F291767A100755D4B /* Assets.xcassets */; };
		48E90D43291767A100755D4B /* LaunchScreen.storyboard in Resources */ = {isa = PBXBuildFile; fileRef = 48E90D41291767A100755D4B /* LaunchScreen.storyboard */; };
/* End PBXBuildFile section */

/* Begin PBXFileReference section */
		48A316372921A74100F48C28 /* DataController.swift */ = {isa = PBXFileReference; lastKnownFileType = sourcecode.swift; path = DataController.swift; sourceTree = "<group>"; };
		48A3163B2921A87200F48C28 /* DaylightClient.swift */ = {isa = PBXFileReference; lastKnownFileType = sourcecode.swift; path = DaylightClient.swift; sourceTree = "<group>"; };
		48A3163D2921A8B200F48C28 /* APIResponse.swift */ = {isa = PBXFileReference; lastKnownFileType = sourcecode.swift; path = APIResponse.swift; sourceTree = "<group>"; };
		48A316422921AE5500F48C28 /* MindViewController.swift */ = {isa = PBXFileReference; lastKnownFileType = sourcecode.swift; path = MindViewController.swift; sourceTree = "<group>"; };
		48A316442921AE6A00F48C28 /* BodyViewController.swift */ = {isa = PBXFileReference; lastKnownFileType = sourcecode.swift; path = BodyViewController.swift; sourceTree = "<group>"; };
		48A316462921AE8100F48C28 /* SoulViewController.swift */ = {isa = PBXFileReference; lastKnownFileType = sourcecode.swift; path = SoulViewController.swift; sourceTree = "<group>"; };
		48A316482921AE9F00F48C28 /* IntervalViewController.swift */ = {isa = PBXFileReference; lastKnownFileType = sourcecode.swift; path = IntervalViewController.swift; sourceTree = "<group>"; };
		48E90D30291767A000755D4B /* NudgeMe.app */ = {isa = PBXFileReference; explicitFileType = wrapper.application; includeInIndex = 0; path = NudgeMe.app; sourceTree = BUILT_PRODUCTS_DIR; };
		48E90D33291767A000755D4B /* AppDelegate.swift */ = {isa = PBXFileReference; lastKnownFileType = sourcecode.swift; path = AppDelegate.swift; sourceTree = "<group>"; };
		48E90D35291767A000755D4B /* SceneDelegate.swift */ = {isa = PBXFileReference; lastKnownFileType = sourcecode.swift; path = SceneDelegate.swift; sourceTree = "<group>"; };
		48E90D37291767A000755D4B /* MainViewController.swift */ = {isa = PBXFileReference; lastKnownFileType = sourcecode.swift; path = MainViewController.swift; sourceTree = "<group>"; };
		48E90D3A291767A000755D4B /* Base */ = {isa = PBXFileReference; lastKnownFileType = file.storyboard; name = Base; path = Base.lproj/Main.storyboard; sourceTree = "<group>"; };
		48E90D3D291767A000755D4B /* NudgeMe.xcdatamodel */ = {isa = PBXFileReference; lastKnownFileType = wrapper.xcdatamodel; path = NudgeMe.xcdatamodel; sourceTree = "<group>"; };
		48E90D3F291767A100755D4B /* Assets.xcassets */ = {isa = PBXFileReference; lastKnownFileType = folder.assetcatalog; path = Assets.xcassets; sourceTree = "<group>"; };
		48E90D42291767A100755D4B /* Base */ = {isa = PBXFileReference; lastKnownFileType = file.storyboard; name = Base; path = Base.lproj/LaunchScreen.storyboard; sourceTree = "<group>"; };
		48E90D44291767A100755D4B /* Info.plist */ = {isa = PBXFileReference; lastKnownFileType = text.plist.xml; path = Info.plist; sourceTree = "<group>"; };
/* End PBXFileReference section */

/* Begin PBXFrameworksBuildPhase section */
		48E90D2D291767A000755D4B /* Frameworks */ = {
			isa = PBXFrameworksBuildPhase;
			buildActionMask = 2147483647;
			files = (
			);
			runOnlyForDeploymentPostprocessing = 0;
		};
/* End PBXFrameworksBuildPhase section */

/* Begin PBXGroup section */
		48A316362921A6C300F48C28 /* Data */ = {
			isa = PBXGroup;
			children = (
				48E90D3C291767A000755D4B /* NudgeMe.xcdatamodeld */,
				48A316372921A74100F48C28 /* DataController.swift */,
			);
			path = Data;
			sourceTree = "<group>";
		};
		48A316392921A84400F48C28 /* Model */ = {
			isa = PBXGroup;
			children = (
				48A3163A2921A85400F48C28 /* Client */,
				48A316362921A6C300F48C28 /* Data */,
			);
			path = Model;
			sourceTree = "<group>";
		};
		48A3163A2921A85400F48C28 /* Client */ = {
			isa = PBXGroup;
			children = (
				48A3163B2921A87200F48C28 /* DaylightClient.swift */,
				48A3163D2921A8B200F48C28 /* APIResponse.swift */,
			);
			path = Client;
			sourceTree = "<group>";
		};
		48A3163F2921A8EF00F48C28 /* Controller */ = {
			isa = PBXGroup;
			children = (
				48E90D37291767A000755D4B /* MainViewController.swift */,
				48A316422921AE5500F48C28 /* MindViewController.swift */,
				48A316442921AE6A00F48C28 /* BodyViewController.swift */,
				48A316462921AE8100F48C28 /* SoulViewController.swift */,
				48A316482921AE9F00F48C28 /* IntervalViewController.swift */,
			);
			path = Controller;
			sourceTree = "<group>";
		};
		48A316412921A93900F48C28 /* View */ = {
			isa = PBXGroup;
			children = (
				48E90D39291767A000755D4B /* Main.storyboard */,
				48E90D3F291767A100755D4B /* Assets.xcassets */,
				48E90D41291767A100755D4B /* LaunchScreen.storyboard */,
			);
			path = View;
			sourceTree = "<group>";
		};
		48E90D27291767A000755D4B = {
			isa = PBXGroup;
			children = (
				48E90D32291767A000755D4B /* NudgeMe */,
				48E90D31291767A000755D4B /* Products */,
			);
			sourceTree = "<group>";
		};
		48E90D31291767A000755D4B /* Products */ = {
			isa = PBXGroup;
			children = (
				48E90D30291767A000755D4B /* NudgeMe.app */,
			);
			name = Products;
			sourceTree = "<group>";
		};
		48E90D32291767A000755D4B /* NudgeMe */ = {
			isa = PBXGroup;
			children = (
				48E90D33291767A000755D4B /* AppDelegate.swift */,
				48E90D35291767A000755D4B /* SceneDelegate.swift */,
				48E90D44291767A100755D4B /* Info.plist */,
				48A3163F2921A8EF00F48C28 /* Controller */,
				48A316392921A84400F48C28 /* Model */,
				48A316412921A93900F48C28 /* View */,
			);
			path = NudgeMe;
			sourceTree = "<group>";
		};
/* End PBXGroup section */

/* Begin PBXNativeTarget section */
		48E90D2F291767A000755D4B /* NudgeMe */ = {
			isa = PBXNativeTarget;
			buildConfigurationList = 48E90D47291767A100755D4B /* Build configuration list for PBXNativeTarget "NudgeMe" */;
			buildPhases = (
				48E90D2C291767A000755D4B /* Sources */,
				48E90D2D291767A000755D4B /* Frameworks */,
				48E90D2E291767A000755D4B /* Resources */,
			);
			buildRules = (
			);
			dependencies = (
			);
			name = NudgeMe;
			productName = NudgeMe;
			productReference = 48E90D30291767A000755D4B /* NudgeMe.app */;
			productType = "com.apple.product-type.application";
		};
/* End PBXNativeTarget section */

/* Begin PBXProject section */
		48E90D28291767A000755D4B /* Project object */ = {
			isa = PBXProject;
			attributes = {
				BuildIndependentTargetsInParallel = 1;
				LastSwiftUpdateCheck = 1410;
				LastUpgradeCheck = 1410;
				TargetAttributes = {
					48E90D2F291767A000755D4B = {
						CreatedOnToolsVersion = 14.1;
					};
				};
			};
			buildConfigurationList = 48E90D2B291767A000755D4B /* Build configuration list for PBXProject "NudgeMe" */;
			compatibilityVersion = "Xcode 14.0";
			developmentRegion = en;
			hasScannedForEncodings = 0;
			knownRegions = (
				en,
				Base,
			);
			mainGroup = 48E90D27291767A000755D4B;
			productRefGroup = 48E90D31291767A000755D4B /* Products */;
			projectDirPath = "";
			projectRoot = "";
			targets = (
				48E90D2F291767A000755D4B /* NudgeMe */,
			);
		};
/* End PBXProject section */

/* Begin PBXResourcesBuildPhase section */
		48E90D2E291767A000755D4B /* Resources */ = {
			isa = PBXResourcesBuildPhase;
			buildActionMask = 2147483647;
			files = (
				48E90D43291767A100755D4B /* LaunchScreen.storyboard in Resources */,
				48E90D40291767A100755D4B /* Assets.xcassets in Resources */,
				48E90D3B291767A000755D4B /* Main.storyboard in Resources */,
			);
			runOnlyForDeploymentPostprocessing = 0;
		};
/* End PBXResourcesBuildPhase section */

/* Begin PBXSourcesBuildPhase section */
		48E90D2C291767A000755D4B /* Sources */ = {
			isa = PBXSourcesBuildPhase;
			buildActionMask = 2147483647;
			files = (
				48A3163E2921A8B200F48C28 /* APIResponse.swift in Sources */,
				48A316492921AE9F00F48C28 /* IntervalViewController.swift in Sources */,
				48A3163C2921A87200F48C28 /* DaylightClient.swift in Sources */,
				48A316452921AE6A00F48C28 /* BodyViewController.swift in Sources */,
				48A316472921AE8100F48C28 /* SoulViewController.swift in Sources */,
				48A316432921AE5500F48C28 /* MindViewController.swift in Sources */,
				48E90D38291767A000755D4B /* MainViewController.swift in Sources */,
				48E90D3E291767A000755D4B /* NudgeMe.xcdatamodeld in Sources */,
				48A316382921A74100F48C28 /* DataController.swift in Sources */,
				48E90D34291767A000755D4B /* AppDelegate.swift in Sources */,
				48E90D36291767A000755D4B /* SceneDelegate.swift in Sources */,
			);
			runOnlyForDeploymentPostprocessing = 0;
		};
/* End PBXSourcesBuildPhase section */

/* Begin PBXVariantGroup section */
		48E90D39291767A000755D4B /* Main.storyboard */ = {
			isa = PBXVariantGroup;
			children = (
				48E90D3A291767A000755D4B /* Base */,
			);
			name = Main.storyboard;
			sourceTree = "<group>";
		};
		48E90D41291767A100755D4B /* LaunchScreen.storyboard */ = {
			isa = PBXVariantGroup;
			children = (
				48E90D42291767A100755D4B /* Base */,
			);
			name = LaunchScreen.storyboard;
			sourceTree = "<group>";
		};
/* End PBXVariantGroup section */

/* Begin XCBuildConfiguration section */
		48E90D45291767A100755D4B /* Debug */ = {
			isa = XCBuildConfiguration;
			buildSettings = {
				ALWAYS_SEARCH_USER_PATHS = NO;
				CLANG_ANALYZER_NONNULL = YES;
				CLANG_ANALYZER_NUMBER_OBJECT_CONVERSION = YES_AGGRESSIVE;
				CLANG_CXX_LANGUAGE_STANDARD = "gnu++20";
				CLANG_ENABLE_MODULES = YES;
				CLANG_ENABLE_OBJC_ARC = YES;
				CLANG_ENABLE_OBJC_WEAK = YES;
				CLANG_WARN_BLOCK_CAPTURE_AUTORELEASING = YES;
				CLANG_WARN_BOOL_CONVERSION = YES;
				CLANG_WARN_COMMA = YES;
				CLANG_WARN_CONSTANT_CONVERSION = YES;
				CLANG_WARN_DEPRECATED_OBJC_IMPLEMENTATIONS = YES;
				CLANG_WARN_DIRECT_OBJC_ISA_USAGE = YES_ERROR;
				CLANG_WARN_DOCUMENTATION_COMMENTS = YES;
				CLANG_WARN_EMPTY_BODY = YES;
				CLANG_WARN_ENUM_CONVERSION = YES;
				CLANG_WARN_INFINITE_RECURSION = YES;
				CLANG_WARN_INT_CONVERSION = YES;
				CLANG_WARN_NON_LITERAL_NULL_CONVERSION = YES;
				CLANG_WARN_OBJC_IMPLICIT_RETAIN_SELF = YES;
				CLANG_WARN_OBJC_LITERAL_CONVERSION = YES;
				CLANG_WARN_OBJC_ROOT_CLASS = YES_ERROR;
				CLANG_WARN_QUOTED_INCLUDE_IN_FRAMEWORK_HEADER = YES;
				CLANG_WARN_RANGE_LOOP_ANALYSIS = YES;
				CLANG_WARN_STRICT_PROTOTYPES = YES;
				CLANG_WARN_SUSPICIOUS_MOVE = YES;
				CLANG_WARN_UNGUARDED_AVAILABILITY = YES_AGGRESSIVE;
				CLANG_WARN_UNREACHABLE_CODE = YES;
				CLANG_WARN__DUPLICATE_METHOD_MATCH = YES;
				COPY_PHASE_STRIP = NO;
				DEBUG_INFORMATION_FORMAT = dwarf;
				ENABLE_STRICT_OBJC_MSGSEND = YES;
				ENABLE_TESTABILITY = YES;
				GCC_C_LANGUAGE_STANDARD = gnu11;
				GCC_DYNAMIC_NO_PIC = NO;
				GCC_NO_COMMON_BLOCKS = YES;
				GCC_OPTIMIZATION_LEVEL = 0;
				GCC_PREPROCESSOR_DEFINITIONS = (
					"DEBUG=1",
					"$(inherited)",
				);
				GCC_WARN_64_TO_32_BIT_CONVERSION = YES;
				GCC_WARN_ABOUT_RETURN_TYPE = YES_ERROR;
				GCC_WARN_UNDECLARED_SELECTOR = YES;
				GCC_WARN_UNINITIALIZED_AUTOS = YES_AGGRESSIVE;
				GCC_WARN_UNUSED_FUNCTION = YES;
				GCC_WARN_UNUSED_VARIABLE = YES;
				IPHONEOS_DEPLOYMENT_TARGET = 16.1;
				MTL_ENABLE_DEBUG_INFO = INCLUDE_SOURCE;
				MTL_FAST_MATH = YES;
				ONLY_ACTIVE_ARCH = YES;
				SDKROOT = iphoneos;
				SWIFT_ACTIVE_COMPILATION_CONDITIONS = DEBUG;
				SWIFT_OPTIMIZATION_LEVEL = "-Onone";
			};
			name = Debug;
		};
		48E90D46291767A100755D4B /* Release */ = {
			isa = XCBuildConfiguration;
			buildSettings = {
				ALWAYS_SEARCH_USER_PATHS = NO;
				CLANG_ANALYZER_NONNULL = YES;
				CLANG_ANALYZER_NUMBER_OBJECT_CONVERSION = YES_AGGRESSIVE;
				CLANG_CXX_LANGUAGE_STANDARD = "gnu++20";
				CLANG_ENABLE_MODULES = YES;
				CLANG_ENABLE_OBJC_ARC = YES;
				CLANG_ENABLE_OBJC_WEAK = YES;
				CLANG_WARN_BLOCK_CAPTURE_AUTORELEASING = YES;
				CLANG_WARN_BOOL_CONVERSION = YES;
				CLANG_WARN_COMMA = YES;
				CLANG_WARN_CONSTANT_CONVERSION = YES;
				CLANG_WARN_DEPRECATED_OBJC_IMPLEMENTATIONS = YES;
				CLANG_WARN_DIRECT_OBJC_ISA_USAGE = YES_ERROR;
				CLANG_WARN_DOCUMENTATION_COMMENTS = YES;
				CLANG_WARN_EMPTY_BODY = YES;
				CLANG_WARN_ENUM_CONVERSION = YES;
				CLANG_WARN_INFINITE_RECURSION = YES;
				CLANG_WARN_INT_CONVERSION = YES;
				CLANG_WARN_NON_LITERAL_NULL_CONVERSION = YES;
				CLANG_WARN_OBJC_IMPLICIT_RETAIN_SELF = YES;
				CLANG_WARN_OBJC_LITERAL_CONVERSION = YES;
				CLANG_WARN_OBJC_ROOT_CLASS = YES_ERROR;
				CLANG_WARN_QUOTED_INCLUDE_IN_FRAMEWORK_HEADER = YES;
				CLANG_WARN_RANGE_LOOP_ANALYSIS = YES;
				CLANG_WARN_STRICT_PROTOTYPES = YES;
				CLANG_WARN_SUSPICIOUS_MOVE = YES;
				CLANG_WARN_UNGUARDED_AVAILABILITY = YES_AGGRESSIVE;
				CLANG_WARN_UNREACHABLE_CODE = YES;
				CLANG_WARN__DUPLICATE_METHOD_MATCH = YES;
				COPY_PHASE_STRIP = NO;
				DEBUG_INFORMATION_FORMAT = "dwarf-with-dsym";
				ENABLE_NS_ASSERTIONS = NO;
				ENABLE_STRICT_OBJC_MSGSEND = YES;
				GCC_C_LANGUAGE_STANDARD = gnu11;
				GCC_NO_COMMON_BLOCKS = YES;
				GCC_WARN_64_TO_32_BIT_CONVERSION = YES;
				GCC_WARN_ABOUT_RETURN_TYPE = YES_ERROR;
				GCC_WARN_UNDECLARED_SELECTOR = YES;
				GCC_WARN_UNINITIALIZED_AUTOS = YES_AGGRESSIVE;
				GCC_WARN_UNUSED_FUNCTION = YES;
				GCC_WARN_UNUSED_VARIABLE = YES;
				IPHONEOS_DEPLOYMENT_TARGET = 16.1;
				MTL_ENABLE_DEBUG_INFO = NO;
				MTL_FAST_MATH = YES;
				SDKROOT = iphoneos;
				SWIFT_COMPILATION_MODE = wholemodule;
				SWIFT_OPTIMIZATION_LEVEL = "-O";
				VALIDATE_PRODUCT = YES;
			};
			name = Release;
		};
		48E90D48291767A100755D4B /* Debug */ = {
			isa = XCBuildConfiguration;
			buildSettings = {
				ASSETCATALOG_COMPILER_APPICON_NAME = AppIcon;
				ASSETCATALOG_COMPILER_GLOBAL_ACCENT_COLOR_NAME = AccentColor;
				CODE_SIGN_STYLE = Automatic;
				CURRENT_PROJECT_VERSION = 1;
				DEVELOPMENT_TEAM = VP6G3JFF7Z;
				GENERATE_INFOPLIST_FILE = YES;
				INFOPLIST_FILE = NudgeMe/Info.plist;
				INFOPLIST_KEY_UIApplicationSupportsIndirectInputEvents = YES;
				INFOPLIST_KEY_UILaunchStoryboardName = LaunchScreen;
				INFOPLIST_KEY_UIMainStoryboardFile = Main;
				INFOPLIST_KEY_UISupportedInterfaceOrientations_iPad = "UIInterfaceOrientationPortrait UIInterfaceOrientationPortraitUpsideDown UIInterfaceOrientationLandscapeLeft UIInterfaceOrientationLandscapeRight";
				INFOPLIST_KEY_UISupportedInterfaceOrientations_iPhone = "UIInterfaceOrientationPortrait UIInterfaceOrientationLandscapeLeft UIInterfaceOrientationLandscapeRight";
				LD_RUNPATH_SEARCH_PATHS = (
					"$(inherited)",
					"@executable_path/Frameworks",
				);
				MARKETING_VERSION = 1.0;
				PRODUCT_BUNDLE_IDENTIFIER = soundOff.NudgeMe;
				PRODUCT_NAME = "$(TARGET_NAME)";
				SUPPORTED_PLATFORMS = "iphoneos iphonesimulator";
				SUPPORTS_MACCATALYST = NO;
				SUPPORTS_MAC_DESIGNED_FOR_IPHONE_IPAD = NO;
				SWIFT_EMIT_LOC_STRINGS = YES;
				SWIFT_VERSION = 5.0;
				TARGETED_DEVICE_FAMILY = 1;
			};
			name = Debug;
		};
		48E90D49291767A100755D4B /* Release */ = {
			isa = XCBuildConfiguration;
			buildSettings = {
				ASSETCATALOG_COMPILER_APPICON_NAME = AppIcon;
				ASSETCATALOG_COMPILER_GLOBAL_ACCENT_COLOR_NAME = AccentColor;
				CODE_SIGN_STYLE = Automatic;
				CURRENT_PROJECT_VERSION = 1;
				DEVELOPMENT_TEAM = VP6G3JFF7Z;
				GENERATE_INFOPLIST_FILE = YES;
				INFOPLIST_FILE = NudgeMe/Info.plist;
				INFOPLIST_KEY_UIApplicationSupportsIndirectInputEvents = YES;
				INFOPLIST_KEY_UILaunchStoryboardName = LaunchScreen;
				INFOPLIST_KEY_UIMainStoryboardFile = Main;
				INFOPLIST_KEY_UISupportedInterfaceOrientations_iPad = "UIInterfaceOrientationPortrait UIInterfaceOrientationPortraitUpsideDown UIInterfaceOrientationLandscapeLeft UIInterfaceOrientationLandscapeRight";
				INFOPLIST_KEY_UISupportedInterfaceOrientations_iPhone = "UIInterfaceOrientationPortrait UIInterfaceOrientationLandscapeLeft UIInterfaceOrientationLandscapeRight";
				LD_RUNPATH_SEARCH_PATHS = (
					"$(inherited)",
					"@executable_path/Frameworks",
				);
				MARKETING_VERSION = 1.0;
				PRODUCT_BUNDLE_IDENTIFIER = soundOff.NudgeMe;
				PRODUCT_NAME = "$(TARGET_NAME)";
				SUPPORTED_PLATFORMS = "iphoneos iphonesimulator";
				SUPPORTS_MACCATALYST = NO;
				SUPPORTS_MAC_DESIGNED_FOR_IPHONE_IPAD = NO;
				SWIFT_EMIT_LOC_STRINGS = YES;
				SWIFT_VERSION = 5.0;
				TARGETED_DEVICE_FAMILY = 1;
			};
			name = Release;
		};
/* End XCBuildConfiguration section */

/* Begin XCConfigurationList section */
		48E90D2B291767A000755D4B /* Build configuration list for PBXProject "NudgeMe" */ = {
			isa = XCConfigurationList;
			buildConfigurations = (
				48E90D45291767A100755D4B /* Debug */,
				48E90D46291767A100755D4B /* Release */,
			);
			defaultConfigurationIsVisible = 0;
			defaultConfigurationName = Release;
		};
		48E90D47291767A100755D4B /* Build configuration list for PBXNativeTarget "NudgeMe" */ = {
			isa = XCConfigurationList;
			buildConfigurations = (
				48E90D48291767A100755D4B /* Debug */,
				48E90D49291767A100755D4B /* Release */,
			);
			defaultConfigurationIsVisible = 0;
			defaultConfigurationName = Release;
		};
/* End XCConfigurationList section */

/* Begin XCVersionGroup section */
		48E90D3C291767A000755D4B /* NudgeMe.xcdatamodeld */ = {
			isa = XCVersionGroup;
			children = (
				48E90D3D291767A000755D4B /* NudgeMe.xcdatamodel */,
			);
			currentVersion = 48E90D3D291767A000755D4B /* NudgeMe.xcdatamodel */;
			path = NudgeMe.xcdatamodeld;
			sourceTree = "<group>";
			versionGroupType = wrapper.xcdatamodel;
		};
/* End XCVersionGroup section */
	};
	rootObject = 48E90D28291767A000755D4B /* Project object */;
}
